
Microsoft Visual Studio Solution File, Format Version 12.00
# Visual Studio Version 17
VisualStudioVersion = 17.0.31912.275
MinimumVisualStudioVersion = 10.0.40219.1
Project("{FAE04EC0-301F-11D3-BF4B-00C04F79EFBC}") = "DataStructuresApp", "DataStructuresApp\DataStructuresApp.csproj", "{0514D2BB-F5F5-4191-A56C-33A828F36EDD}"
EndProject
Global
	GlobalSection(SolutionConfigurationPlatforms) = preSolution
		Debug|Any CPU = Debug|Any CPU
		Release|Any CPU = Release|Any CPU
	EndGlobalSection
	GlobalSection(ProjectConfigurationPlatforms) = postSolution
		{0514D2BB-F5F5-4191-A56C-33A828F36EDD}.Debug|Any CPU.ActiveCfg = Debug|Any CPU
		{0514D2BB-F5F5-4191-A56C-33A828F36EDD}.Debug|Any CPU.Build.0 = Debug|Any CPU
		{0514D2BB-F5F5-4191-A56C-33A828F36EDD}.Release|Any CPU.ActiveCfg = Release|Any CPU
		{0514D2BB-F5F5-4191-A56C-33A828F36EDD}.Release|Any CPU.Build.0 = Release|Any CPU
	EndGlobalSection
	GlobalSection(SolutionProperties) = preSolution
		HideSolutionNode = FALSE
	EndGlobalSection
	GlobalSection(ExtensibilityGlobals) = postSolution
		SolutionGuid = {9192A524-8148-43A1-80BB-9BA1E513CE48}
	EndGlobalSection
EndGlobal
